github.com/imakiri/erres v0.0.0-20210321162426-92ec4172dd11 h1:63FZWFsICjXiF/iIIqsqyM+t18nLeOEMN+i2Iqo5yn0=
github.com/imakiri/erres v0.0.0-20210321162426-92ec4172dd11/go.mod h1:VwILB4W/RYPvUuTlJjDOFM94gjdJmPaP8fNq4L7A2Oc=
github.com/imakiri/gorum v0.0.0-20210321170935-31c4bc86673e h1:KJCaQj83Ie40hcCBQ9t6O8RsS+62+56E0vSHExUaFK8=
